
Microsoft Visual Studio Solution File, Format Version 12.00
# Visual Studio 15
VisualStudioVersion = 15.0.28010.2016
MinimumVisualStudioVersion = 10.0.40219.1
Project("{00D1A9C2-B5F0-4AF3-8072-F6C62B433612}") = "BasicApp.Database", "BasicApp.Database\BasicApp.Database.sqlproj", "{7ED048AC-8316-4AB7-8E80-B2DB220CCB04}"
EndProject
Project("{FAE04EC0-301F-11D3-BF4B-00C04F79EFBC}") = "BasicApp.Models", "BasicApp.Models\BasicApp.Models.csproj", "{D1782F17-5C6A-428E-8FDC-F8E9EC8B204D}"
EndProject
Project("{FAE04EC0-301F-11D3-BF4B-00C04F79EFBC}") = "BasicApp.ApiService", "BasicApp.ApiService\BasicApp.ApiService.csproj", "{692FB291-FC6C-42E4-9090-85DD452AF31A}"
EndProject
Project("{FAE04EC0-301F-11D3-BF4B-00C04F79EFBC}") = "BasicApp.DTO", "BasicApp.DTO\BasicApp.DTO.csproj", "{062C7350-CE1C-460D-8ACC-E498610CD218}"
EndProject
Project("{FAE04EC0-301F-11D3-BF4B-00C04F79EFBC}") = "BasicApp.Mobile.Android", "BasicApp.Mobile\BasicApp.Mobile.Android\BasicApp.Mobile.Android.csproj", "{9A360A7F-B6B9-48CB-8EE0-04317746FF4B}"
EndProject
Project("{FAE04EC0-301F-11D3-BF4B-00C04F79EFBC}") = "BasicApp.Mobile.iOS", "BasicApp.Mobile\BasicApp.Mobile.iOS\BasicApp.Mobile.iOS.csproj", "{FE8D5813-C255-4A57-A580-B39ADBDEAB4B}"
EndProject
Project("{FAE04EC0-301F-11D3-BF4B-00C04F79EFBC}") = "BasicApp.Mobile.UWP", "BasicApp.Mobile\BasicApp.Mobile.UWP\BasicApp.Mobile.UWP.csproj", "{33DA2C22-CC87-4916-8F68-DA0F416A476D}"
EndProject
Project("{FAE04EC0-301F-11D3-BF4B-00C04F79EFBC}") = "BasicApp.Mobile", "BasicApp.Mobile\BasicApp.Mobile\BasicApp.Mobile.csproj", "{DDB7A7B2-078E-4B89-B412-850F2BAFF511}"
EndProject
Global
	GlobalSection(SolutionConfigurationPlatforms) = preSolution
		Debug|Any CPU = Debug|Any CPU
		Debug|ARM = Debug|ARM
		Debug|iPhone = Debug|iPhone
		Debug|iPhoneSimulator = Debug|iPhoneSimulator
		Debug|x64 = Debug|x64
		Debug|x86 = Debug|x86
		Release|Any CPU = Release|Any CPU
		Release|ARM = Release|ARM
		Release|iPhone = Release|iPhone
		Release|iPhoneSimulator = Release|iPhoneSimulator
		Release|x64 = Release|x64
		Release|x86 = Release|x86
	EndGlobalSection
	GlobalSection(ProjectConfigurationPlatforms) = postSolution
		{7ED048AC-8316-4AB7-8E80-B2DB220CCB04}.Debug|Any CPU.ActiveCfg = Debug|Any CPU
		{7ED048AC-8316-4AB7-8E80-B2DB220CCB04}.Debug|Any CPU.Build.0 = Debug|Any CPU
		{7ED048AC-8316-4AB7-8E80-B2DB220CCB04}.Debug|Any CPU.Deploy.0 = Debug|Any CPU
		{7ED048AC-8316-4AB7-8E80-B2DB220CCB04}.Debug|ARM.ActiveCfg = Debug|Any CPU
		{7ED048AC-8316-4AB7-8E80-B2DB220CCB04}.Debug|ARM.Build.0 = Debug|Any CPU
		{7ED048AC-8316-4AB7-8E80-B2DB220CCB04}.Debug|ARM.Deploy.0 = Debug|Any CPU
		{7ED048AC-8316-4AB7-8E80-B2DB220CCB04}.Debug|iPhone.ActiveCfg = Debug|Any CPU
		{7ED048AC-8316-4AB7-8E80-B2DB220CCB04}.Debug|iPhone.Build.0 = Debug|Any CPU
		{7ED048AC-8316-4AB7-8E80-B2DB220CCB04}.Debug|iPhone.Deploy.0 = Debug|Any CPU
		{7ED048AC-8316-4AB7-8E80-B2DB220CCB04}.Debug|iPhoneSimulator.ActiveCfg = Debug|Any CPU
		{7ED048AC-8316-4AB7-8E80-B2DB220CCB04}.Debug|iPhoneSimulator.Build.0 = Debug|Any CPU
		{7ED048AC-8316-4AB7-8E80-B2DB220CCB04}.Debug|iPhoneSimulator.Deploy.0 = Debug|Any CPU
		{7ED048AC-8316-4AB7-8E80-B2DB220CCB04}.Debug|x64.ActiveCfg = Debug|Any CPU
		{7ED048AC-8316-4AB7-8E80-B2DB220CCB04}.Debug|x64.Build.0 = Debug|Any CPU
		{7ED048AC-8316-4AB7-8E80-B2DB220CCB04}.Debug|x64.Deploy.0 = Debug|Any CPU
		{7ED048AC-8316-4AB7-8E80-B2DB220CCB04}.Debug|x86.ActiveCfg = Debug|Any CPU
		{7ED048AC-8316-4AB7-8E80-B2DB220CCB04}.Debug|x86.Build.0 = Debug|Any CPU
		{7ED048AC-8316-4AB7-8E80-B2DB220CCB04}.Debug|x86.Deploy.0 = Debug|Any CPU
		{7ED048AC-8316-4AB7-8E80-B2DB220CCB04}.Release|Any CPU.ActiveCfg = Release|Any CPU
		{7ED048AC-8316-4AB7-8E80-B2DB220CCB04}.Release|Any CPU.Build.0 = Release|Any CPU
		{7ED048AC-8316-4AB7-8E80-B2DB220CCB04}.Release|Any CPU.Deploy.0 = Release|Any CPU
		{7ED048AC-8316-4AB7-8E80-B2DB220CCB04}.Release|ARM.ActiveCfg = Release|Any CPU
		{7ED048AC-8316-4AB7-8E80-B2DB220CCB04}.Release|ARM.Build.0 = Release|Any CPU
		{7ED048AC-8316-4AB7-8E80-B2DB220CCB04}.Release|ARM.Deploy.0 = Release|Any CPU
		{7ED048AC-8316-4AB7-8E80-B2DB220CCB04}.Release|iPhone.ActiveCfg = Release|Any CPU
		{7ED048AC-8316-4AB7-8E80-B2DB220CCB04}.Release|iPhone.Build.0 = Release|Any CPU
		{7ED048AC-8316-4AB7-8E80-B2DB220CCB04}.Release|iPhone.Deploy.0 = Release|Any CPU
		{7ED048AC-8316-4AB7-8E80-B2DB220CCB04}.Release|iPhoneSimulator.ActiveCfg = Release|Any CPU
		{7ED048AC-8316-4AB7-8E80-B2DB220CCB04}.Release|iPhoneSimulator.Build.0 = Release|Any CPU
		{7ED048AC-8316-4AB7-8E80-B2DB220CCB04}.Release|iPhoneSimulator.Deploy.0 = Release|Any CPU
		{7ED048AC-8316-4AB7-8E80-B2DB220CCB04}.Release|x64.ActiveCfg = Release|Any CPU
		{7ED048AC-8316-4AB7-8E80-B2DB220CCB04}.Release|x64.Build.0 = Release|Any CPU
		{7ED048AC-8316-4AB7-8E80-B2DB220CCB04}.Release|x64.Deploy.0 = Release|Any CPU
		{7ED048AC-8316-4AB7-8E80-B2DB220CCB04}.Release|x86.ActiveCfg = Release|Any CPU
		{7ED048AC-8316-4AB7-8E80-B2DB220CCB04}.Release|x86.Build.0 = Release|Any CPU
		{7ED048AC-8316-4AB7-8E80-B2DB220CCB04}.Release|x86.Deploy.0 = Release|Any CPU
		{D1782F17-5C6A-428E-8FDC-F8E9EC8B204D}.Debug|Any CPU.ActiveCfg = Debug|Any CPU
		{D1782F17-5C6A-428E-8FDC-F8E9EC8B204D}.Debug|Any CPU.Build.0 = Debug|Any CPU
		{D1782F17-5C6A-428E-8FDC-F8E9EC8B204D}.Debug|ARM.ActiveCfg = Debug|Any CPU
		{D1782F17-5C6A-428E-8FDC-F8E9EC8B204D}.Debug|ARM.Build.0 = Debug|Any CPU
		{D1782F17-5C6A-428E-8FDC-F8E9EC8B204D}.Debug|iPhone.ActiveCfg = Debug|Any CPU
		{D1782F17-5C6A-428E-8FDC-F8E9EC8B204D}.Debug|iPhone.Build.0 = Debug|Any CPU
		{D1782F17-5C6A-428E-8FDC-F8E9EC8B204D}.Debug|iPhoneSimulator.ActiveCfg = Debug|Any CPU
		{D1782F17-5C6A-428E-8FDC-F8E9EC8B204D}.Debug|iPhoneSimulator.Build.0 = Debug|Any CPU
		{D1782F17-5C6A-428E-8FDC-F8E9EC8B204D}.Debug|x64.ActiveCfg = Debug|Any CPU
		{D1782F17-5C6A-428E-8FDC-F8E9EC8B204D}.Debug|x64.Build.0 = Debug|Any CPU
		{D1782F17-5C6A-428E-8FDC-F8E9EC8B204D}.Debug|x86.ActiveCfg = Debug|Any CPU
		{D1782F17-5C6A-428E-8FDC-F8E9EC8B204D}.Debug|x86.Build.0 = Debug|Any CPU
		{D1782F17-5C6A-428E-8FDC-F8E9EC8B204D}.Release|Any CPU.ActiveCfg = Release|Any CPU
		{D1782F17-5C6A-428E-8FDC-F8E9EC8B204D}.Release|Any CPU.Build.0 = Release|Any CPU
		{D1782F17-5C6A-428E-8FDC-F8E9EC8B204D}.Release|ARM.ActiveCfg = Release|Any CPU
		{D1782F17-5C6A-428E-8FDC-F8E9EC8B204D}.Release|ARM.Build.0 = Release|Any CPU
		{D1782F17-5C6A-428E-8FDC-F8E9EC8B204D}.Release|iPhone.ActiveCfg = Release|Any CPU
		{D1782F17-5C6A-428E-8FDC-F8E9EC8B204D}.Release|iPhone.Build.0 = Release|Any CPU
		{D1782F17-5C6A-428E-8FDC-F8E9EC8B204D}.Release|iPhoneSimulator.ActiveCfg = Release|Any CPU
		{D1782F17-5C6A-428E-8FDC-F8E9EC8B204D}.Release|iPhoneSimulator.Build.0 = Release|Any CPU
		{D1782F17-5C6A-428E-8FDC-F8E9EC8B204D}.Release|x64.ActiveCfg = Release|Any CPU
		{D1782F17-5C6A-428E-8FDC-F8E9EC8B204D}.Release|x64.Build.0 = Release|Any CPU
		{D1782F17-5C6A-428E-8FDC-F8E9EC8B204D}.Release|x86.ActiveCfg = Release|Any CPU
		{D1782F17-5C6A-428E-8FDC-F8E9EC8B204D}.Release|x86.Build.0 = Release|Any CPU
		{692FB291-FC6C-42E4-9090-85DD452AF31A}.Debug|Any CPU.ActiveCfg = Debug|Any CPU
		{692FB291-FC6C-42E4-9090-85DD452AF31A}.Debug|Any CPU.Build.0 = Debug|Any CPU
		{692FB291-FC6C-42E4-9090-85DD452AF31A}.Debug|ARM.ActiveCfg = Debug|Any CPU
		{692FB291-FC6C-42E4-9090-85DD452AF31A}.Debug|ARM.Build.0 = Debug|Any CPU
		{692FB291-FC6C-42E4-9090-85DD452AF31A}.Debug|iPhone.ActiveCfg = Debug|Any CPU
		{692FB291-FC6C-42E4-9090-85DD452AF31A}.Debug|iPhone.Build.0 = Debug|Any CPU
		{692FB291-FC6C-42E4-9090-85DD452AF31A}.Debug|iPhoneSimulator.ActiveCfg = Debug|Any CPU
		{692FB291-FC6C-42E4-9090-85DD452AF31A}.Debug|iPhoneSimulator.Build.0 = Debug|Any CPU
		{692FB291-FC6C-42E4-9090-85DD452AF31A}.Debug|x64.ActiveCfg = Debug|Any CPU
		{692FB291-FC6C-42E4-9090-85DD452AF31A}.Debug|x64.Build.0 = Debug|Any CPU
		{692FB291-FC6C-42E4-9090-85DD452AF31A}.Debug|x86.ActiveCfg = Debug|Any CPU
		{692FB291-FC6C-42E4-9090-85DD452AF31A}.Debug|x86.Build.0 = Debug|Any CPU
		{692FB291-FC6C-42E4-9090-85DD452AF31A}.Release|Any CPU.ActiveCfg = Release|Any CPU
		{692FB291-FC6C-42E4-9090-85DD452AF31A}.Release|Any CPU.Build.0 = Release|Any CPU
		{692FB291-FC6C-42E4-9090-85DD452AF31A}.Release|ARM.ActiveCfg = Release|Any CPU
		{692FB291-FC6C-42E4-9090-85DD452AF31A}.Release|ARM.Build.0 = Release|Any CPU
		{692FB291-FC6C-42E4-9090-85DD452AF31A}.Release|iPhone.ActiveCfg = Release|Any CPU
		{692FB291-FC6C-42E4-9090-85DD452AF31A}.Release|iPhone.Build.0 = Release|Any CPU
		{692FB291-FC6C-42E4-9090-85DD452AF31A}.Release|iPhoneSimulator.ActiveCfg = Release|Any CPU
		{692FB291-FC6C-42E4-9090-85DD452AF31A}.Release|iPhoneSimulator.Build.0 = Release|Any CPU
		{692FB291-FC6C-42E4-9090-85DD452AF31A}.Release|x64.ActiveCfg = Release|Any CPU
		{692FB291-FC6C-42E4-9090-85DD452AF31A}.Release|x64.Build.0 = Release|Any CPU
		{692FB291-FC6C-42E4-9090-85DD452AF31A}.Release|x86.ActiveCfg = Release|Any CPU
		{692FB291-FC6C-42E4-9090-85DD452AF31A}.Release|x86.Build.0 = Release|Any CPU
		{062C7350-CE1C-460D-8ACC-E498610CD218}.Debug|Any CPU.ActiveCfg = Debug|Any CPU
		{062C7350-CE1C-460D-8ACC-E498610CD218}.Debug|Any CPU.Build.0 = Debug|Any CPU
		{062C7350-CE1C-460D-8ACC-E498610CD218}.Debug|ARM.ActiveCfg = Debug|Any CPU
		{062C7350-CE1C-460D-8ACC-E498610CD218}.Debug|ARM.Build.0 = Debug|Any CPU
		{062C7350-CE1C-460D-8ACC-E498610CD218}.Debug|iPhone.ActiveCfg = Debug|Any CPU
		{062C7350-CE1C-460D-8ACC-E498610CD218}.Debug|iPhone.Build.0 = Debug|Any CPU
		{062C7350-CE1C-460D-8ACC-E498610CD218}.Debug|iPhoneSimulator.ActiveCfg = Debug|Any CPU
		{062C7350-CE1C-460D-8ACC-E498610CD218}.Debug|iPhoneSimulator.Build.0 = Debug|Any CPU
		{062C7350-CE1C-460D-8ACC-E498610CD218}.Debug|x64.ActiveCfg = Debug|Any CPU
		{062C7350-CE1C-460D-8ACC-E498610CD218}.Debug|x64.Build.0 = Debug|Any CPU
		{062C7350-CE1C-460D-8ACC-E498610CD218}.Debug|x86.ActiveCfg = Debug|Any CPU
		{062C7350-CE1C-460D-8ACC-E498610CD218}.Debug|x86.Build.0 = Debug|Any CPU
		{062C7350-CE1C-460D-8ACC-E498610CD218}.Release|Any CPU.ActiveCfg = Release|Any CPU
		{062C7350-CE1C-460D-8ACC-E498610CD218}.Release|Any CPU.Build.0 = Release|Any CPU
		{062C7350-CE1C-460D-8ACC-E498610CD218}.Release|ARM.ActiveCfg = Release|Any CPU
		{062C7350-CE1C-460D-8ACC-E498610CD218}.Release|ARM.Build.0 = Release|Any CPU
		{062C7350-CE1C-460D-8ACC-E498610CD218}.Release|iPhone.ActiveCfg = Release|Any CPU
		{062C7350-CE1C-460D-8ACC-E498610CD218}.Release|iPhone.Build.0 = Release|Any CPU
		{062C7350-CE1C-460D-8ACC-E498610CD218}.Release|iPhoneSimulator.ActiveCfg = Release|Any CPU
		{062C7350-CE1C-460D-8ACC-E498610CD218}.Release|iPhoneSimulator.Build.0 = Release|Any CPU
		{062C7350-CE1C-460D-8ACC-E498610CD218}.Release|x64.ActiveCfg = Release|Any CPU
		{062C7350-CE1C-460D-8ACC-E498610CD218}.Release|x64.Build.0 = Release|Any CPU
		{062C7350-CE1C-460D-8ACC-E498610CD218}.Release|x86.ActiveCfg = Release|Any CPU
		{062C7350-CE1C-460D-8ACC-E498610CD218}.Release|x86.Build.0 = Release|Any CPU
		{9A360A7F-B6B9-48CB-8EE0-04317746FF4B}.Debug|Any CPU.ActiveCfg = Debug|Any CPU
		{9A360A7F-B6B9-48CB-8EE0-04317746FF4B}.Debug|Any CPU.Build.0 = Debug|Any CPU
		{9A360A7F-B6B9-48CB-8EE0-04317746FF4B}.Debug|Any CPU.Deploy.0 = Debug|Any CPU
		{9A360A7F-B6B9-48CB-8EE0-04317746FF4B}.Debug|ARM.ActiveCfg = Debug|Any CPU
		{9A360A7F-B6B9-48CB-8EE0-04317746FF4B}.Debug|ARM.Build.0 = Debug|Any CPU
		{9A360A7F-B6B9-48CB-8EE0-04317746FF4B}.Debug|ARM.Deploy.0 = Debug|Any CPU
		{9A360A7F-B6B9-48CB-8EE0-04317746FF4B}.Debug|iPhone.ActiveCfg = Debug|Any CPU
		{9A360A7F-B6B9-48CB-8EE0-04317746FF4B}.Debug|iPhone.Build.0 = Debug|Any CPU
		{9A360A7F-B6B9-48CB-8EE0-04317746FF4B}.Debug|iPhone.Deploy.0 = Debug|Any CPU
		{9A360A7F-B6B9-48CB-8EE0-04317746FF4B}.Debug|iPhoneSimulator.ActiveCfg = Debug|Any CPU
		{9A360A7F-B6B9-48CB-8EE0-04317746FF4B}.Debug|iPhoneSimulator.Build.0 = Debug|Any CPU
		{9A360A7F-B6B9-48CB-8EE0-04317746FF4B}.Debug|iPhoneSimulator.Deploy.0 = Debug|Any CPU
		{9A360A7F-B6B9-48CB-8EE0-04317746FF4B}.Debug|x64.ActiveCfg = Debug|Any CPU
		{9A360A7F-B6B9-48CB-8EE0-04317746FF4B}.Debug|x64.Build.0 = Debug|Any CPU
		{9A360A7F-B6B9-48CB-8EE0-04317746FF4B}.Debug|x64.Deploy.0 = Debug|Any CPU
		{9A360A7F-B6B9-48CB-8EE0-04317746FF4B}.Debug|x86.ActiveCfg = Debug|Any CPU
		{9A360A7F-B6B9-48CB-8EE0-04317746FF4B}.Debug|x86.Build.0 = Debug|Any CPU
		{9A360A7F-B6B9-48CB-8EE0-04317746FF4B}.Debug|x86.Deploy.0 = Debug|Any CPU
		{9A360A7F-B6B9-48CB-8EE0-04317746FF4B}.Release|Any CPU.ActiveCfg = Release|Any CPU
		{9A360A7F-B6B9-48CB-8EE0-04317746FF4B}.Release|Any CPU.Build.0 = Release|Any CPU
		{9A360A7F-B6B9-48CB-8EE0-04317746FF4B}.Release|Any CPU.Deploy.0 = Release|Any CPU
		{9A360A7F-B6B9-48CB-8EE0-04317746FF4B}.Release|ARM.ActiveCfg = Release|Any CPU
		{9A360A7F-B6B9-48CB-8EE0-04317746FF4B}.Release|ARM.Build.0 = Release|Any CPU
		{9A360A7F-B6B9-48CB-8EE0-04317746FF4B}.Release|ARM.Deploy.0 = Release|Any CPU
		{9A360A7F-B6B9-48CB-8EE0-04317746FF4B}.Release|iPhone.ActiveCfg = Release|Any CPU
		{9A360A7F-B6B9-48CB-8EE0-04317746FF4B}.Release|iPhone.Build.0 = Release|Any CPU
		{9A360A7F-B6B9-48CB-8EE0-04317746FF4B}.Release|iPhone.Deploy.0 = Release|Any CPU
		{9A360A7F-B6B9-48CB-8EE0-04317746FF4B}.Release|iPhoneSimulator.ActiveCfg = Release|Any CPU
		{9A360A7F-B6B9-48CB-8EE0-04317746FF4B}.Release|iPhoneSimulator.Build.0 = Release|Any CPU
		{9A360A7F-B6B9-48CB-8EE0-04317746FF4B}.Release|iPhoneSimulator.Deploy.0 = Release|Any CPU
		{9A360A7F-B6B9-48CB-8EE0-04317746FF4B}.Release|x64.ActiveCfg = Release|Any CPU
		{9A360A7F-B6B9-48CB-8EE0-04317746FF4B}.Release|x64.Build.0 = Release|Any CPU
		{9A360A7F-B6B9-48CB-8EE0-04317746FF4B}.Release|x64.Deploy.0 = Release|Any CPU
		{9A360A7F-B6B9-48CB-8EE0-04317746FF4B}.Release|x86.ActiveCfg = Release|Any CPU
		{9A360A7F-B6B9-48CB-8EE0-04317746FF4B}.Release|x86.Build.0 = Release|Any CPU
		{9A360A7F-B6B9-48CB-8EE0-04317746FF4B}.Release|x86.Deploy.0 = Release|Any CPU
		{FE8D5813-C255-4A57-A580-B39ADBDEAB4B}.Debug|Any CPU.ActiveCfg = Debug|iPhone
		{FE8D5813-C255-4A57-A580-B39ADBDEAB4B}.Debug|ARM.ActiveCfg = Debug|iPhone
		{FE8D5813-C255-4A57-A580-B39ADBDEAB4B}.Debug|iPhone.ActiveCfg = Debug|iPhone
		{FE8D5813-C255-4A57-A580-B39ADBDEAB4B}.Debug|iPhone.Build.0 = Debug|iPhone
		{FE8D5813-C255-4A57-A580-B39ADBDEAB4B}.Debug|iPhoneSimulator.ActiveCfg = Debug|iPhoneSimulator
		{FE8D5813-C255-4A57-A580-B39ADBDEAB4B}.Debug|iPhoneSimulator.Build.0 = Debug|iPhoneSimulator
		{FE8D5813-C255-4A57-A580-B39ADBDEAB4B}.Debug|x64.ActiveCfg = Debug|iPhone
		{FE8D5813-C255-4A57-A580-B39ADBDEAB4B}.Debug|x86.ActiveCfg = Debug|iPhone
		{FE8D5813-C255-4A57-A580-B39ADBDEAB4B}.Release|Any CPU.ActiveCfg = Release|iPhone
		{FE8D5813-C255-4A57-A580-B39ADBDEAB4B}.Release|ARM.ActiveCfg = Release|iPhone
		{FE8D5813-C255-4A57-A580-B39ADBDEAB4B}.Release|iPhone.ActiveCfg = Release|iPhone
		{FE8D5813-C255-4A57-A580-B39ADBDEAB4B}.Release|iPhone.Build.0 = Release|iPhone
		{FE8D5813-C255-4A57-A580-B39ADBDEAB4B}.Release|iPhoneSimulator.ActiveCfg = Release|iPhoneSimulator
		{FE8D5813-C255-4A57-A580-B39ADBDEAB4B}.Release|iPhoneSimulator.Build.0 = Release|iPhoneSimulator
		{FE8D5813-C255-4A57-A580-B39ADBDEAB4B}.Release|x64.ActiveCfg = Release|iPhone
		{FE8D5813-C255-4A57-A580-B39ADBDEAB4B}.Release|x86.ActiveCfg = Release|iPhone
		{33DA2C22-CC87-4916-8F68-DA0F416A476D}.Debug|Any CPU.ActiveCfg = Debug|x86
		{33DA2C22-CC87-4916-8F68-DA0F416A476D}.Debug|ARM.ActiveCfg = Debug|ARM
		{33DA2C22-CC87-4916-8F68-DA0F416A476D}.Debug|ARM.Build.0 = Debug|ARM
		{33DA2C22-CC87-4916-8F68-DA0F416A476D}.Debug|ARM.Deploy.0 = Debug|ARM
		{33DA2C22-CC87-4916-8F68-DA0F416A476D}.Debug|iPhone.ActiveCfg = Debug|x86
		{33DA2C22-CC87-4916-8F68-DA0F416A476D}.Debug|iPhoneSimulator.ActiveCfg = Debug|x86
		{33DA2C22-CC87-4916-8F68-DA0F416A476D}.Debug|x64.ActiveCfg = Debug|x64
		{33DA2C22-CC87-4916-8F68-DA0F416A476D}.Debug|x64.Build.0 = Debug|x64
		{33DA2C22-CC87-4916-8F68-DA0F416A476D}.Debug|x64.Deploy.0 = Debug|x64
		{33DA2C22-CC87-4916-8F68-DA0F416A476D}.Debug|x86.ActiveCfg = Debug|x86
		{33DA2C22-CC87-4916-8F68-DA0F416A476D}.Debug|x86.Build.0 = Debug|x86
		{33DA2C22-CC87-4916-8F68-DA0F416A476D}.Debug|x86.Deploy.0 = Debug|x86
		{33DA2C22-CC87-4916-8F68-DA0F416A476D}.Release|Any CPU.ActiveCfg = Release|x86
		{33DA2C22-CC87-4916-8F68-DA0F416A476D}.Release|ARM.ActiveCfg = Release|ARM
		{33DA2C22-CC87-4916-8F68-DA0F416A476D}.Release|ARM.Build.0 = Release|ARM
		{33DA2C22-CC87-4916-8F68-DA0F416A476D}.Release|ARM.Deploy.0 = Release|ARM
		{33DA2C22-CC87-4916-8F68-DA0F416A476D}.Release|iPhone.ActiveCfg = Release|x86
		{33DA2C22-CC87-4916-8F68-DA0F416A476D}.Release|iPhoneSimulator.ActiveCfg = Release|x86
		{33DA2C22-CC87-4916-8F68-DA0F416A476D}.Release|x64.ActiveCfg = Release|x64
		{33DA2C22-CC87-4916-8F68-DA0F416A476D}.Release|x64.Build.0 = Release|x64
		{33DA2C22-CC87-4916-8F68-DA0F416A476D}.Release|x64.Deploy.0 = Release|x64
		{33DA2C22-CC87-4916-8F68-DA0F416A476D}.Release|x86.ActiveCfg = Release|x86
		{33DA2C22-CC87-4916-8F68-DA0F416A476D}.Release|x86.Build.0 = Release|x86
		{33DA2C22-CC87-4916-8F68-DA0F416A476D}.Release|x86.Deploy.0 = Release|x86
		{DDB7A7B2-078E-4B89-B412-850F2BAFF511}.Debug|Any CPU.ActiveCfg = Debug|Any CPU
		{DDB7A7B2-078E-4B89-B412-850F2BAFF511}.Debug|Any CPU.Build.0 = Debug|Any CPU
		{DDB7A7B2-078E-4B89-B412-850F2BAFF511}.Debug|ARM.ActiveCfg = Debug|Any CPU
		{DDB7A7B2-078E-4B89-B412-850F2BAFF511}.Debug|ARM.Build.0 = Debug|Any CPU
		{DDB7A7B2-078E-4B89-B412-850F2BAFF511}.Debug|iPhone.ActiveCfg = Debug|Any CPU
		{DDB7A7B2-078E-4B89-B412-850F2BAFF511}.Debug|iPhone.Build.0 = Debug|Any CPU
		{DDB7A7B2-078E-4B89-B412-850F2BAFF511}.Debug|iPhoneSimulator.ActiveCfg = Debug|Any CPU
		{DDB7A7B2-078E-4B89-B412-850F2BAFF511}.Debug|iPhoneSimulator.Build.0 = Debug|Any CPU
		{DDB7A7B2-078E-4B89-B412-850F2BAFF511}.Debug|x64.ActiveCfg = Debug|Any CPU
		{DDB7A7B2-078E-4B89-B412-850F2BAFF511}.Debug|x64.Build.0 = Debug|Any CPU
		{DDB7A7B2-078E-4B89-B412-850F2BAFF511}.Debug|x86.ActiveCfg = Debug|Any CPU
		{DDB7A7B2-078E-4B89-B412-850F2BAFF511}.Debug|x86.Build.0 = Debug|Any CPU
		{DDB7A7B2-078E-4B89-B412-850F2BAFF511}.Release|Any CPU.ActiveCfg = Release|Any CPU
		{DDB7A7B2-078E-4B89-B412-850F2BAFF511}.Release|Any CPU.Build.0 = Release|Any CPU
		{DDB7A7B2-078E-4B89-B412-850F2BAFF511}.Release|ARM.ActiveCfg = Release|Any CPU
		{DDB7A7B2-078E-4B89-B412-850F2BAFF511}.Release|ARM.Build.0 = Release|Any CPU
		{DDB7A7B2-078E-4B89-B412-850F2BAFF511}.Release|iPhone.ActiveCfg = Release|Any CPU
		{DDB7A7B2-078E-4B89-B412-850F2BAFF511}.Release|iPhone.Build.0 = Release|Any CPU
		{DDB7A7B2-078E-4B89-B412-850F2BAFF511}.Release|iPhoneSimulator.ActiveCfg = Release|Any CPU
		{DDB7A7B2-078E-4B89-B412-850F2BAFF511}.Release|iPhoneSimulator.Build.0 = Release|Any CPU
		{DDB7A7B2-078E-4B89-B412-850F2BAFF511}.Release|x64.ActiveCfg = Release|Any CPU
		{DDB7A7B2-078E-4B89-B412-850F2BAFF511}.Release|x64.Build.0 = Release|Any CPU
		{DDB7A7B2-078E-4B89-B412-850F2BAFF511}.Release|x86.ActiveCfg = Release|Any CPU
		{DDB7A7B2-078E-4B89-B412-850F2BAFF511}.Release|x86.Build.0 = Release|Any CPU
	EndGlobalSection
	GlobalSection(SolutionProperties) = preSolution
		HideSolutionNode = FALSE
	EndGlobalSection
	GlobalSection(ExtensibilityGlobals) = postSolution
		SolutionGuid = {9F334BB6-516C-436E-843B-5229011B1287}
	EndGlobalSection
EndGlobal
